
Microsoft Visual Studio Solution File, Format Version 11.00
# Visual Studio 2010
Project("{FAE04EC0-301F-11D3-BF4B-00C04F79EFBC}") = "Display the dates of the week number - December 2018", "Display the dates of the week number - December 2018\Display the dates of the week number - December 2018.csproj", "{0060D592-4234-434B-8059-A38361373A10}"
EndProject
Global
	GlobalSection(SolutionConfigurationPlatforms) = preSolution
		Debug|x86 = Debug|x86
		Release|x86 = Release|x86
	EndGlobalSection
	GlobalSection(ProjectConfigurationPlatforms) = postSolution
		{0060D592-4234-434B-8059-A38361373A10}.Debug|x86.ActiveCfg = Debug|x86
		{0060D592-4234-434B-8059-A38361373A10}.Debug|x86.Build.0 = Debug|x86
		{0060D592-4234-434B-8059-A38361373A10}.Release|x86.ActiveCfg = Release|x86
		{0060D592-4234-434B-8059-A38361373A10}.Release|x86.Build.0 = Release|x86
	EndGlobalSection
	GlobalSection(SolutionProperties) = preSolution
		HideSolutionNode = FALSE
	EndGlobalSection
EndGlobal
