
Microsoft Visual Studio Solution File, Format Version 11.00
# Visual Studio 2010
Project("{FAE04EC0-301F-11D3-BF4B-00C04F79EFBC}") = "For Loop Shapes", "For Loop Shapes\For Loop Shapes.csproj", "{EBA3A956-1C71-46D9-9E9E-683205675272}"
EndProject
Global
	GlobalSection(SolutionConfigurationPlatforms) = preSolution
		Debug|x86 = Debug|x86
		Release|x86 = Release|x86
	EndGlobalSection
	GlobalSection(ProjectConfigurationPlatforms) = postSolution
		{EBA3A956-1C71-46D9-9E9E-683205675272}.Debug|x86.ActiveCfg = Debug|x86
		{EBA3A956-1C71-46D9-9E9E-683205675272}.Debug|x86.Build.0 = Debug|x86
		{EBA3A956-1C71-46D9-9E9E-683205675272}.Release|x86.ActiveCfg = Release|x86
		{EBA3A956-1C71-46D9-9E9E-683205675272}.Release|x86.Build.0 = Release|x86
	EndGlobalSection
	GlobalSection(SolutionProperties) = preSolution
		HideSolutionNode = FALSE
	EndGlobalSection
EndGlobal
